
Microsoft Visual Studio Solution File, Format Version 12.00
# Visual Studio Version 17
VisualStudioVersion = 17.5.33516.290
MinimumVisualStudioVersion = 10.0.40219.1
Project("{FAE04EC0-301F-11D3-BF4B-00C04F79EFBC}") = "GenericDependencyInjection", "GenericDependencyInjection\GenericDependencyInjection.csproj", "{CEDCB30E-F0F6-4923-8CA7-2C04E9626C49}"
EndProject
Global
	GlobalSection(SolutionConfigurationPlatforms) = preSolution
		Debug|Any CPU = Debug|Any CPU
		Release|Any CPU = Release|Any CPU
	EndGlobalSection
	GlobalSection(ProjectConfigurationPlatforms) = postSolution
		{CEDCB30E-F0F6-4923-8CA7-2C04E9626C49}.Debug|Any CPU.ActiveCfg = Debug|Any CPU
		{CEDCB30E-F0F6-4923-8CA7-2C04E9626C49}.Debug|Any CPU.Build.0 = Debug|Any CPU
		{CEDCB30E-F0F6-4923-8CA7-2C04E9626C49}.Release|Any CPU.ActiveCfg = Release|Any CPU
		{CEDCB30E-F0F6-4923-8CA7-2C04E9626C49}.Release|Any CPU.Build.0 = Release|Any CPU
	EndGlobalSection
	GlobalSection(SolutionProperties) = preSolution
		HideSolutionNode = FALSE
	EndGlobalSection
	GlobalSection(ExtensibilityGlobals) = postSolution
		SolutionGuid = {8FCFFCFF-1A44-47F3-BF66-0369661B6355}
	EndGlobalSection
EndGlobal
